
Microsoft Visual Studio Solution File, Format Version 12.00
# Visual Studio 15
VisualStudioVersion = 15.0.27428.2037
MinimumVisualStudioVersion = 10.0.40219.1
Project("{FAE04EC0-301F-11D3-BF4B-00C04F79EFBC}") = "AireSpringTest", "AireSpringTest\AireSpringTest.csproj", "{FF350511-2DC6-4FD5-9A56-F9E9FC856550}"
EndProject
Global
	GlobalSection(SolutionConfigurationPlatforms) = preSolution
		Debug|Any CPU = Debug|Any CPU
		Release|Any CPU = Release|Any CPU
	EndGlobalSection
	GlobalSection(ProjectConfigurationPlatforms) = postSolution
		{FF350511-2DC6-4FD5-9A56-F9E9FC856550}.Debug|Any CPU.ActiveCfg = Debug|Any CPU
		{FF350511-2DC6-4FD5-9A56-F9E9FC856550}.Debug|Any CPU.Build.0 = Debug|Any CPU
		{FF350511-2DC6-4FD5-9A56-F9E9FC856550}.Release|Any CPU.ActiveCfg = Release|Any CPU
		{FF350511-2DC6-4FD5-9A56-F9E9FC856550}.Release|Any CPU.Build.0 = Release|Any CPU
	EndGlobalSection
	GlobalSection(SolutionProperties) = preSolution
		HideSolutionNode = FALSE
	EndGlobalSection
	GlobalSection(ExtensibilityGlobals) = postSolution
		SolutionGuid = {5C67421A-2A64-48BD-AD22-4745036A6336}
	EndGlobalSection
EndGlobal
